
Microsoft Visual Studio Solution File, Format Version 12.00
# Visual Studio Version 17
VisualStudioVersion = 17.2.32616.157
MinimumVisualStudioVersion = 10.0.40219.1
Project("{FAE04EC0-301F-11D3-BF4B-00C04F79EFBC}") = "PassGenerator2", "PassGenerator2\PassGenerator2.csproj", "{4325A41E-6CE2-4F14-AE2A-4955A728D209}"
EndProject
Global
	GlobalSection(SolutionConfigurationPlatforms) = preSolution
		Debug|Any CPU = Debug|Any CPU
		Release|Any CPU = Release|Any CPU
	EndGlobalSection
	GlobalSection(ProjectConfigurationPlatforms) = postSolution
		{4325A41E-6CE2-4F14-AE2A-4955A728D209}.Debug|Any CPU.ActiveCfg = Debug|Any CPU
		{4325A41E-6CE2-4F14-AE2A-4955A728D209}.Debug|Any CPU.Build.0 = Debug|Any CPU
		{4325A41E-6CE2-4F14-AE2A-4955A728D209}.Release|Any CPU.ActiveCfg = Release|Any CPU
		{4325A41E-6CE2-4F14-AE2A-4955A728D209}.Release|Any CPU.Build.0 = Release|Any CPU
	EndGlobalSection
	GlobalSection(SolutionProperties) = preSolution
		HideSolutionNode = FALSE
	EndGlobalSection
	GlobalSection(ExtensibilityGlobals) = postSolution
		SolutionGuid = {10D32453-AF53-4368-A4F0-123BB437BAFA}
	EndGlobalSection
EndGlobal
